# This file is autogenerated, do not edit; changes may be undone by the next 'dep ensure'.


[[projects]]
  name = "github.com/satori/go.uuid"
  packages = ["."]
  revision = "master"

[solve-meta]
  analyzer-name = "dep"
  analyzer-version = 1
  inputs-digest = "db8b1eff82f39512c15c5f9efd99ae6760ca746fe919a66ffe4804f375062329"
  solver-name = "gps-cdcl"
  solver-version = 1
